// !$*UTF8*$!
{
	archiveVersion = 1;
	classes = {
	};
	objectVersion = 46;
	objects = {

/* Begin PBXBuildFile section */
		344DF3A68C0D109D02861592 /* Pods.framework in Frameworks */ = {isa = PBXBuildFile; fileRef = 65E5740A870A37FB957D9FF2 /* Pods.framework */; };
		8F5517771CA66F7200492953 /* AppDelegate.swift in Sources */ = {isa = PBXBuildFile; fileRef = 8F5517761CA66F7200492953 /* AppDelegate.swift */; };
		8F5517791CA66F7200492953 /* ViewController.swift in Sources */ = {isa = PBXBuildFile; fileRef = 8F5517781CA66F7200492953 /* ViewController.swift */; };
		8F55177C1CA66F7200492953 /* Main.storyboard in Resources */ = {isa = PBXBuildFile; fileRef = 8F55177A1CA66F7200492953 /* Main.storyboard */; };
		8F55177E1CA66F7200492953 /* Assets.xcassets in Resources */ = {isa = PBXBuildFile; fileRef = 8F55177D1CA66F7200492953 /* Assets.xcassets */; };
		8F5517811CA66F7200492953 /* LaunchScreen.storyboard in Resources */ = {isa = PBXBuildFile; fileRef = 8F55177F1CA66F7200492953 /* LaunchScreen.storyboard */; };
		8F55178C1CA66F7200492953 /* ZooZooZooTests.swift in Sources */ = {isa = PBXBuildFile; fileRef = 8F55178B1CA66F7200492953 /* ZooZooZooTests.swift */; };
		8F5517971CA66F7300492953 /* ZooZooZooUITests.swift in Sources */ = {isa = PBXBuildFile; fileRef = 8F5517961CA66F7300492953 /* ZooZooZooUITests.swift */; };
		8F5517A61CA6DE3D00492953 /* SwiftyJSON.framework in Frameworks */ = {isa = PBXBuildFile; fileRef = 8F5517A41CA6DE3D00492953 /* SwiftyJSON.framework */; };
		8F5517A71CA6DE3D00492953 /* Alamofire.framework in Frameworks */ = {isa = PBXBuildFile; fileRef = 8F5517A51CA6DE3D00492953 /* Alamofire.framework */; };
		8F5517A81CA6DE4B00492953 /* SwiftyJSON.framework in Frameworks */ = {isa = PBXBuildFile; fileRef = 8F5517A41CA6DE3D00492953 /* SwiftyJSON.framework */; };
		8F5517A91CA6DE4B00492953 /* SwiftyJSON.framework in Embed Frameworks */ = {isa = PBXBuildFile; fileRef = 8F5517A41CA6DE3D00492953 /* SwiftyJSON.framework */; settings = {ATTRIBUTES = (CodeSignOnCopy, RemoveHeadersOnCopy, ); }; };
		8F5517AB1CA6DE5000492953 /* Alamofire.framework in Frameworks */ = {isa = PBXBuildFile; fileRef = 8F5517A51CA6DE3D00492953 /* Alamofire.framework */; };
		8F5517AC1CA6DE5000492953 /* Alamofire.framework in Embed Frameworks */ = {isa = PBXBuildFile; fileRef = 8F5517A51CA6DE3D00492953 /* Alamofire.framework */; settings = {ATTRIBUTES = (CodeSignOnCopy, RemoveHeadersOnCopy, ); }; };
		8F5517AF1CA6E0AC00492953 /* APIManager.swift in Sources */ = {isa = PBXBuildFile; fileRef = 8F5517AE1CA6E0AC00492953 /* APIManager.swift */; };
		8F5517FE1CAF69AA00492953 /* SettingViewController.swift in Sources */ = {isa = PBXBuildFile; fileRef = 8F5517FD1CAF69AA00492953 /* SettingViewController.swift */; };
		DB70BAB81CAB73190045E08A /* AnimalMovie.swift in Sources */ = {isa = PBXBuildFile; fileRef = DB70BAB71CAB73190045E08A /* AnimalMovie.swift */; };
		DB70BADA1CACBEC60045E08A /* TabPageViewController.framework in Frameworks */ = {isa = PBXBuildFile; fileRef = DB70BAD91CACBEC60045E08A /* TabPageViewController.framework */; };
		DB70BADB1CACBECB0045E08A /* TabPageViewController.framework in Frameworks */ = {isa = PBXBuildFile; fileRef = DB70BAD91CACBEC60045E08A /* TabPageViewController.framework */; };
		DB70BADC1CACBECB0045E08A /* TabPageViewController.framework in Embed Frameworks */ = {isa = PBXBuildFile; fileRef = DB70BAD91CACBEC60045E08A /* TabPageViewController.framework */; settings = {ATTRIBUTES = (CodeSignOnCopy, RemoveHeadersOnCopy, ); }; };
		DB70BADF1CACD6250045E08A /* VideoListViewController.swift in Sources */ = {isa = PBXBuildFile; fileRef = DB70BADE1CACD6250045E08A /* VideoListViewController.swift */; };
		DB70BAE11CACD7320045E08A /* WebImage.framework in Frameworks */ = {isa = PBXBuildFile; fileRef = DB70BAE01CACD7320045E08A /* WebImage.framework */; };
		DB70BAE21CACD7370045E08A /* WebImage.framework in Frameworks */ = {isa = PBXBuildFile; fileRef = DB70BAE01CACD7320045E08A /* WebImage.framework */; };
		DB70BAE31CACD7370045E08A /* WebImage.framework in Embed Frameworks */ = {isa = PBXBuildFile; fileRef = DB70BAE01CACD7320045E08A /* WebImage.framework */; settings = {ATTRIBUTES = (CodeSignOnCopy, RemoveHeadersOnCopy, ); }; };
		DB70BAE51CAD14490045E08A /* XCDYouTubeKit.framework in Frameworks */ = {isa = PBXBuildFile; fileRef = DB70BAE41CAD14490045E08A /* XCDYouTubeKit.framework */; };
		DB70BAE61CAD144E0045E08A /* XCDYouTubeKit.framework in Frameworks */ = {isa = PBXBuildFile; fileRef = DB70BAE41CAD14490045E08A /* XCDYouTubeKit.framework */; };
		DB70BAE71CAD144E0045E08A /* XCDYouTubeKit.framework in Embed Frameworks */ = {isa = PBXBuildFile; fileRef = DB70BAE41CAD14490045E08A /* XCDYouTubeKit.framework */; settings = {ATTRIBUTES = (CodeSignOnCopy, RemoveHeadersOnCopy, ); }; };
/* End PBXBuildFile section */

/* Begin PBXContainerItemProxy section */
		8F5517881CA66F7200492953 /* PBXContainerItemProxy */ = {
			isa = PBXContainerItemProxy;
			containerPortal = 8F55176B1CA66F7200492953 /* Project object */;
			proxyType = 1;
			remoteGlobalIDString = 8F5517721CA66F7200492953;
			remoteInfo = ZooZooZoo;
		};
		8F5517931CA66F7200492953 /* PBXContainerItemProxy */ = {
			isa = PBXContainerItemProxy;
			containerPortal = 8F55176B1CA66F7200492953 /* Project object */;
			proxyType = 1;
			remoteGlobalIDString = 8F5517721CA66F7200492953;
			remoteInfo = ZooZooZoo;
		};
/* End PBXContainerItemProxy section */

/* Begin PBXCopyFilesBuildPhase section */
		8F5517AA1CA6DE4B00492953 /* Embed Frameworks */ = {
			isa = PBXCopyFilesBuildPhase;
			buildActionMask = 2147483647;
			dstPath = "";
			dstSubfolderSpec = 10;
			files = (
				8F5517A91CA6DE4B00492953 /* SwiftyJSON.framework in Embed Frameworks */,
				DB70BAE71CAD144E0045E08A /* XCDYouTubeKit.framework in Embed Frameworks */,
				8F5517AC1CA6DE5000492953 /* Alamofire.framework in Embed Frameworks */,
				DB70BADC1CACBECB0045E08A /* TabPageViewController.framework in Embed Frameworks */,
				DB70BAE31CACD7370045E08A /* WebImage.framework in Embed Frameworks */,
			);
			name = "Embed Frameworks";
			runOnlyForDeploymentPostprocessing = 0;
		};
/* End PBXCopyFilesBuildPhase section */

/* Begin PBXFileReference section */
		1AECB451EC228C7520FD51C9 /* Pods.release.xcconfig */ = {isa = PBXFileReference; includeInIndex = 1; lastKnownFileType = text.xcconfig; name = Pods.release.xcconfig; path = "Pods/Target Support Files/Pods/Pods.release.xcconfig"; sourceTree = "<group>"; };
		4FD32810B5131896391EEB79 /* Pods.debug.xcconfig */ = {isa = PBXFileReference; includeInIndex = 1; lastKnownFileType = text.xcconfig; name = Pods.debug.xcconfig; path = "Pods/Target Support Files/Pods/Pods.debug.xcconfig"; sourceTree = "<group>"; };
		65E5740A870A37FB957D9FF2 /* Pods.framework */ = {isa = PBXFileReference; explicitFileType = wrapper.framework; includeInIndex = 0; path = Pods.framework; sourceTree = BUILT_PRODUCTS_DIR; };
		8F5517731CA66F7200492953 /* ZooZooZoo.app */ = {isa = PBXFileReference; explicitFileType = wrapper.application; includeInIndex = 0; path = ZooZooZoo.app; sourceTree = BUILT_PRODUCTS_DIR; };
		8F5517761CA66F7200492953 /* AppDelegate.swift */ = {isa = PBXFileReference; lastKnownFileType = sourcecode.swift; path = AppDelegate.swift; sourceTree = "<group>"; };
		8F5517781CA66F7200492953 /* ViewController.swift */ = {isa = PBXFileReference; lastKnownFileType = sourcecode.swift; path = ViewController.swift; sourceTree = "<group>"; };
		8F55177B1CA66F7200492953 /* Base */ = {isa = PBXFileReference; lastKnownFileType = file.storyboard; name = Base; path = Base.lproj/Main.storyboard; sourceTree = "<group>"; };
		8F55177D1CA66F7200492953 /* Assets.xcassets */ = {isa = PBXFileReference; lastKnownFileType = folder.assetcatalog; path = Assets.xcassets; sourceTree = "<group>"; };
		8F5517801CA66F7200492953 /* Base */ = {isa = PBXFileReference; lastKnownFileType = file.storyboard; name = Base; path = Base.lproj/LaunchScreen.storyboard; sourceTree = "<group>"; };
		8F5517821CA66F7200492953 /* Info.plist */ = {isa = PBXFileReference; lastKnownFileType = text.plist.xml; path = Info.plist; sourceTree = "<group>"; };
		8F5517871CA66F7200492953 /* ZooZooZooTests.xctest */ = {isa = PBXFileReference; explicitFileType = wrapper.cfbundle; includeInIndex = 0; path = ZooZooZooTests.xctest; sourceTree = BUILT_PRODUCTS_DIR; };
		8F55178B1CA66F7200492953 /* ZooZooZooTests.swift */ = {isa = PBXFileReference; lastKnownFileType = sourcecode.swift; path = ZooZooZooTests.swift; sourceTree = "<group>"; };
		8F55178D1CA66F7200492953 /* Info.plist */ = {isa = PBXFileReference; lastKnownFileType = text.plist.xml; path = Info.plist; sourceTree = "<group>"; };
		8F5517921CA66F7200492953 /* ZooZooZooUITests.xctest */ = {isa = PBXFileReference; explicitFileType = wrapper.cfbundle; includeInIndex = 0; path = ZooZooZooUITests.xctest; sourceTree = BUILT_PRODUCTS_DIR; };
		8F5517961CA66F7300492953 /* ZooZooZooUITests.swift */ = {isa = PBXFileReference; lastKnownFileType = sourcecode.swift; path = ZooZooZooUITests.swift; sourceTree = "<group>"; };
		8F5517981CA66F7300492953 /* Info.plist */ = {isa = PBXFileReference; lastKnownFileType = text.plist.xml; path = Info.plist; sourceTree = "<group>"; };
		8F5517A41CA6DE3D00492953 /* SwiftyJSON.framework */ = {isa = PBXFileReference; lastKnownFileType = wrapper.framework; name = SwiftyJSON.framework; path = Carthage/Build/iOS/SwiftyJSON.framework; sourceTree = "<group>"; };
		8F5517A51CA6DE3D00492953 /* Alamofire.framework */ = {isa = PBXFileReference; lastKnownFileType = wrapper.framework; name = Alamofire.framework; path = Carthage/Build/iOS/Alamofire.framework; sourceTree = "<group>"; };
		8F5517AE1CA6E0AC00492953 /* APIManager.swift */ = {isa = PBXFileReference; fileEncoding = 4; lastKnownFileType = sourcecode.swift; name = APIManager.swift; path = Manager/APIManager.swift; sourceTree = "<group>"; };
		8F5517FD1CAF69AA00492953 /* SettingViewController.swift */ = {isa = PBXFileReference; fileEncoding = 4; lastKnownFileType = sourcecode.swift; name = SettingViewController.swift; path = ViewController/SettingViewController.swift; sourceTree = "<group>"; };
		DB70BAB71CAB73190045E08A /* AnimalMovie.swift */ = {isa = PBXFileReference; fileEncoding = 4; lastKnownFileType = sourcecode.swift; name = AnimalMovie.swift; path = Model/AnimalMovie.swift; sourceTree = "<group>"; };
		DB70BAD91CACBEC60045E08A /* TabPageViewController.framework */ = {isa = PBXFileReference; lastKnownFileType = wrapper.framework; name = TabPageViewController.framework; path = Carthage/Build/iOS/TabPageViewController.framework; sourceTree = "<group>"; };
		DB70BADE1CACD6250045E08A /* VideoListViewController.swift */ = {isa = PBXFileReference; fileEncoding = 4; lastKnownFileType = sourcecode.swift; name = VideoListViewController.swift; path = ViewController/VideoListViewController.swift; sourceTree = "<group>"; };
		DB70BAE01CACD7320045E08A /* WebImage.framework */ = {isa = PBXFileReference; lastKnownFileType = wrapper.framework; name = WebImage.framework; path = Carthage/Build/iOS/WebImage.framework; sourceTree = "<group>"; };
		DB70BAE41CAD14490045E08A /* XCDYouTubeKit.framework */ = {isa = PBXFileReference; lastKnownFileType = wrapper.framework; name = XCDYouTubeKit.framework; path = Carthage/Build/iOS/XCDYouTubeKit.framework; sourceTree = "<group>"; };
/* End PBXFileReference section */

/* Begin PBXFrameworksBuildPhase section */
		8F5517701CA66F7200492953 /* Frameworks */ = {
			isa = PBXFrameworksBuildPhase;
			buildActionMask = 2147483647;
			files = (
				DB70BAE51CAD14490045E08A /* XCDYouTubeKit.framework in Frameworks */,
				DB70BAE61CAD144E0045E08A /* XCDYouTubeKit.framework in Frameworks */,
				DB70BAE11CACD7320045E08A /* WebImage.framework in Frameworks */,
				DB70BADA1CACBEC60045E08A /* TabPageViewController.framework in Frameworks */,
				8F5517A61CA6DE3D00492953 /* SwiftyJSON.framework in Frameworks */,
				DB70BADB1CACBECB0045E08A /* TabPageViewController.framework in Frameworks */,
				8F5517A71CA6DE3D00492953 /* Alamofire.framework in Frameworks */,
				8F5517A81CA6DE4B00492953 /* SwiftyJSON.framework in Frameworks */,
				8F5517AB1CA6DE5000492953 /* Alamofire.framework in Frameworks */,
				DB70BAE21CACD7370045E08A /* WebImage.framework in Frameworks */,
				344DF3A68C0D109D02861592 /* Pods.framework in Frameworks */,
			);
			runOnlyForDeploymentPostprocessing = 0;
		};
		8F5517841CA66F7200492953 /* Frameworks */ = {
			isa = PBXFrameworksBuildPhase;
			buildActionMask = 2147483647;
			files = (
			);
			runOnlyForDeploymentPostprocessing = 0;
		};
		8F55178F1CA66F7200492953 /* Frameworks */ = {
			isa = PBXFrameworksBuildPhase;
			buildActionMask = 2147483647;
			files = (
			);
			runOnlyForDeploymentPostprocessing = 0;
		};
/* End PBXFrameworksBuildPhase section */

/* Begin PBXGroup section */
		2073F57593E1E898FE77CE01 /* Frameworks */ = {
			isa = PBXGroup;
			children = (
				65E5740A870A37FB957D9FF2 /* Pods.framework */,
			);
			name = Frameworks;
			sourceTree = "<group>";
		};
		8F55176A1CA66F7200492953 = {
			isa = PBXGroup;
			children = (
				DB70BAE41CAD14490045E08A /* XCDYouTubeKit.framework */,
				DB70BAE01CACD7320045E08A /* WebImage.framework */,
				DB70BAD91CACBEC60045E08A /* TabPageViewController.framework */,
				8F5517A41CA6DE3D00492953 /* SwiftyJSON.framework */,
				8F5517A51CA6DE3D00492953 /* Alamofire.framework */,
				8F5517751CA66F7200492953 /* ZooZooZoo */,
				8F55178A1CA66F7200492953 /* ZooZooZooTests */,
				8F5517951CA66F7300492953 /* ZooZooZooUITests */,
				8F5517741CA66F7200492953 /* Products */,
				CEE02D6C1648D4A2AD430F5B /* Pods */,
				2073F57593E1E898FE77CE01 /* Frameworks */,
			);
			sourceTree = "<group>";
		};
		8F5517741CA66F7200492953 /* Products */ = {
			isa = PBXGroup;
			children = (
				8F5517731CA66F7200492953 /* ZooZooZoo.app */,
				8F5517871CA66F7200492953 /* ZooZooZooTests.xctest */,
				8F5517921CA66F7200492953 /* ZooZooZooUITests.xctest */,
			);
			name = Products;
			sourceTree = "<group>";
		};
		8F5517751CA66F7200492953 /* ZooZooZoo */ = {
			isa = PBXGroup;
			children = (
				DB70BADD1CACD5E10045E08A /* ViewController */,
				DB70BAB61CAB72FA0045E08A /* Model */,
				8F5517AD1CA6E07700492953 /* Manager */,
				8F5517761CA66F7200492953 /* AppDelegate.swift */,
				8F5517781CA66F7200492953 /* ViewController.swift */,
				8F55177A1CA66F7200492953 /* Main.storyboard */,
				8F55177D1CA66F7200492953 /* Assets.xcassets */,
				8F55177F1CA66F7200492953 /* LaunchScreen.storyboard */,
				8F5517821CA66F7200492953 /* Info.plist */,
			);
			path = ZooZooZoo;
			sourceTree = "<group>";
		};
		8F55178A1CA66F7200492953 /* ZooZooZooTests */ = {
			isa = PBXGroup;
			children = (
				8F55178B1CA66F7200492953 /* ZooZooZooTests.swift */,
				8F55178D1CA66F7200492953 /* Info.plist */,
			);
			path = ZooZooZooTests;
			sourceTree = "<group>";
		};
		8F5517951CA66F7300492953 /* ZooZooZooUITests */ = {
			isa = PBXGroup;
			children = (
				8F5517961CA66F7300492953 /* ZooZooZooUITests.swift */,
				8F5517981CA66F7300492953 /* Info.plist */,
			);
			path = ZooZooZooUITests;
			sourceTree = "<group>";
		};
		8F5517AD1CA6E07700492953 /* Manager */ = {
			isa = PBXGroup;
			children = (
				8F5517AE1CA6E0AC00492953 /* APIManager.swift */,
			);
			name = Manager;
			sourceTree = "<group>";
		};
		CEE02D6C1648D4A2AD430F5B /* Pods */ = {
			isa = PBXGroup;
			children = (
				4FD32810B5131896391EEB79 /* Pods.debug.xcconfig */,
				1AECB451EC228C7520FD51C9 /* Pods.release.xcconfig */,
			);
			name = Pods;
			sourceTree = "<group>";
		};
		DB70BAB61CAB72FA0045E08A /* Model */ = {
			isa = PBXGroup;
			children = (
				DB70BAB71CAB73190045E08A /* AnimalMovie.swift */,
			);
			name = Model;
			sourceTree = "<group>";
		};
		DB70BADD1CACD5E10045E08A /* ViewController */ = {
			isa = PBXGroup;
			children = (
				DB70BADE1CACD6250045E08A /* VideoListViewController.swift */,
				8F5517FD1CAF69AA00492953 /* SettingViewController.swift */,
			);
			name = ViewController;
			sourceTree = "<group>";
		};
/* End PBXGroup section */

/* Begin PBXNativeTarget section */
		8F5517721CA66F7200492953 /* ZooZooZoo */ = {
			isa = PBXNativeTarget;
			buildConfigurationList = 8F55179B1CA66F7300492953 /* Build configuration list for PBXNativeTarget "ZooZooZoo" */;
			buildPhases = (
				AF72D805DAFFA5E984FDBCB4 /* Check Pods Manifest.lock */,
				8F55176F1CA66F7200492953 /* Sources */,
				8F5517701CA66F7200492953 /* Frameworks */,
				8F5517711CA66F7200492953 /* Resources */,
				8F5517AA1CA6DE4B00492953 /* Embed Frameworks */,
				E401A8042223AA9A339E5AA7 /* Embed Pods Frameworks */,
				0C63BF5FF7319C2168CA9ED2 /* Copy Pods Resources */,
			);
			buildRules = (
			);
			dependencies = (
			);
			name = ZooZooZoo;
			productName = ZooZooZoo;
			productReference = 8F5517731CA66F7200492953 /* ZooZooZoo.app */;
			productType = "com.apple.product-type.application";
		};
		8F5517861CA66F7200492953 /* ZooZooZooTests */ = {
			isa = PBXNativeTarget;
			buildConfigurationList = 8F55179E1CA66F7300492953 /* Build configuration list for PBXNativeTarget "ZooZooZooTests" */;
			buildPhases = (
				8F5517831CA66F7200492953 /* Sources */,
				8F5517841CA66F7200492953 /* Frameworks */,
				8F5517851CA66F7200492953 /* Resources */,
			);
			buildRules = (
			);
			dependencies = (
				8F5517891CA66F7200492953 /* PBXTargetDependency */,
			);
			name = ZooZooZooTests;
			productName = ZooZooZooTests;
			productReference = 8F5517871CA66F7200492953 /* ZooZooZooTests.xctest */;
			productType = "com.apple.product-type.bundle.unit-test";
		};
		8F5517911CA66F7200492953 /* ZooZooZooUITests */ = {
			isa = PBXNativeTarget;
			buildConfigurationList = 8F5517A11CA66F7300492953 /* Build configuration list for PBXNativeTarget "ZooZooZooUITests" */;
			buildPhases = (
				8F55178E1CA66F7200492953 /* Sources */,
				8F55178F1CA66F7200492953 /* Frameworks */,
				8F5517901CA66F7200492953 /* Resources */,
			);
			buildRules = (
			);
			dependencies = (
				8F5517941CA66F7200492953 /* PBXTargetDependency */,
			);
			name = ZooZooZooUITests;
			productName = ZooZooZooUITests;
			productReference = 8F5517921CA66F7200492953 /* ZooZooZooUITests.xctest */;
			productType = "com.apple.product-type.bundle.ui-testing";
		};
/* End PBXNativeTarget section */

/* Begin PBXProject section */
		8F55176B1CA66F7200492953 /* Project object */ = {
			isa = PBXProject;
			attributes = {
				LastSwiftUpdateCheck = 0720;
				LastUpgradeCheck = 0720;
				ORGANIZATIONNAME = "Toshiki Chiba";
				TargetAttributes = {
					8F5517721CA66F7200492953 = {
						CreatedOnToolsVersion = 7.2;
					};
					8F5517861CA66F7200492953 = {
						CreatedOnToolsVersion = 7.2;
						TestTargetID = 8F5517721CA66F7200492953;
					};
					8F5517911CA66F7200492953 = {
						CreatedOnToolsVersion = 7.2;
						TestTargetID = 8F5517721CA66F7200492953;
					};
				};
			};
			buildConfigurationList = 8F55176E1CA66F7200492953 /* Build configuration list for PBXProject "ZooZooZoo" */;
			compatibilityVersion = "Xcode 3.2";
			developmentRegion = English;
			hasScannedForEncodings = 0;
			knownRegions = (
				en,
				Base,
			);
			mainGroup = 8F55176A1CA66F7200492953;
			productRefGroup = 8F5517741CA66F7200492953 /* Products */;
			projectDirPath = "";
			projectRoot = "";
			targets = (
				8F5517721CA66F7200492953 /* ZooZooZoo */,
				8F5517861CA66F7200492953 /* ZooZooZooTests */,
				8F5517911CA66F7200492953 /* ZooZooZooUITests */,
			);
		};
/* End PBXProject section */

/* Begin PBXResourcesBuildPhase section */
		8F5517711CA66F7200492953 /* Resources */ = {
			isa = PBXResourcesBuildPhase;
			buildActionMask = 2147483647;
			files = (
				8F5517811CA66F7200492953 /* LaunchScreen.storyboard in Resources */,
				8F55177E1CA66F7200492953 /* Assets.xcassets in Resources */,
				8F55177C1CA66F7200492953 /* Main.storyboard in Resources */,
			);
			runOnlyForDeploymentPostprocessing = 0;
		};
		8F5517851CA66F7200492953 /* Resources */ = {
			isa = PBXResourcesBuildPhase;
			buildActionMask = 2147483647;
			files = (
			);
			runOnlyForDeploymentPostprocessing = 0;
		};
		8F5517901CA66F7200492953 /* Resources */ = {
			isa = PBXResourcesBuildPhase;
			buildActionMask = 2147483647;
			files = (
			);
			runOnlyForDeploymentPostprocessing = 0;
		};
/* End PBXResourcesBuildPhase section */

/* Begin PBXShellScriptBuildPhase section */
		0C63BF5FF7319C2168CA9ED2 /* Copy Pods Resources */ = {
			isa = PBXShellScriptBuildPhase;
			buildActionMask = 2147483647;
			files = (
			);
			inputPaths = (
			);
			name = "Copy Pods Resources";
			outputPaths = (
			);
			runOnlyForDeploymentPostprocessing = 0;
			shellPath = /bin/sh;
			shellScript = "\"${SRCROOT}/Pods/Target Support Files/Pods/Pods-resources.sh\"\n";
			showEnvVarsInLog = 0;
		};
		AF72D805DAFFA5E984FDBCB4 /* Check Pods Manifest.lock */ = {
			isa = PBXShellScriptBuildPhase;
			buildActionMask = 2147483647;
			files = (
			);
			inputPaths = (
			);
			name = "Check Pods Manifest.lock";
			outputPaths = (
			);
			runOnlyForDeploymentPostprocessing = 0;
			shellPath = /bin/sh;
			shellScript = "diff \"${PODS_ROOT}/../Podfile.lock\" \"${PODS_ROOT}/Manifest.lock\" > /dev/null\nif [[ $? != 0 ]] ; then\n    cat << EOM\nerror: The sandbox is not in sync with the Podfile.lock. Run 'pod install' or update your CocoaPods installation.\nEOM\n    exit 1\nfi\n";
			showEnvVarsInLog = 0;
		};
		E401A8042223AA9A339E5AA7 /* Embed Pods Frameworks */ = {
			isa = PBXShellScriptBuildPhase;
			buildActionMask = 2147483647;
			files = (
			);
			inputPaths = (
			);
			name = "Embed Pods Frameworks";
			outputPaths = (
			);
			runOnlyForDeploymentPostprocessing = 0;
			shellPath = /bin/sh;
			shellScript = "\"${SRCROOT}/Pods/Target Support Files/Pods/Pods-frameworks.sh\"\n";
			showEnvVarsInLog = 0;
		};
/* End PBXShellScriptBuildPhase section */

/* Begin PBXSourcesBuildPhase section */
		8F55176F1CA66F7200492953 /* Sources */ = {
			isa = PBXSourcesBuildPhase;
			buildActionMask = 2147483647;
			files = (
				8F5517AF1CA6E0AC00492953 /* APIManager.swift in Sources */,
				8F5517791CA66F7200492953 /* ViewController.swift in Sources */,
				DB70BADF1CACD6250045E08A /* VideoListViewController.swift in Sources */,
				DB70BAB81CAB73190045E08A /* AnimalMovie.swift in Sources */,
				8F5517771CA66F7200492953 /* AppDelegate.swift in Sources */,
				8F5517FE1CAF69AA00492953 /* SettingViewController.swift in Sources */,
			);
			runOnlyForDeploymentPostprocessing = 0;
		};
		8F5517831CA66F7200492953 /* Sources */ = {
			isa = PBXSourcesBuildPhase;
			buildActionMask = 2147483647;
			files = (
				8F55178C1CA66F7200492953 /* ZooZooZooTests.swift in Sources */,
			);
			runOnlyForDeploymentPostprocessing = 0;
		};
		8F55178E1CA66F7200492953 /* Sources */ = {
			isa = PBXSourcesBuildPhase;
			buildActionMask = 2147483647;
			files = (
				8F5517971CA66F7300492953 /* ZooZooZooUITests.swift in Sources */,
			);
			runOnlyForDeploymentPostprocessing = 0;
		};
/* End PBXSourcesBuildPhase section */

/* Begin PBXTargetDependency section */
		8F5517891CA66F7200492953 /* PBXTargetDependency */ = {
			isa = PBXTargetDependency;
			target = 8F5517721CA66F7200492953 /* ZooZooZoo */;
			targetProxy = 8F5517881CA66F7200492953 /* PBXContainerItemProxy */;
		};
		8F5517941CA66F7200492953 /* PBXTargetDependency */ = {
			isa = PBXTargetDependency;
			target = 8F5517721CA66F7200492953 /* ZooZooZoo */;
			targetProxy = 8F5517931CA66F7200492953 /* PBXContainerItemProxy */;
		};
/* End PBXTargetDependency section */

/* Begin PBXVariantGroup section */
		8F55177A1CA66F7200492953 /* Main.storyboard */ = {
			isa = PBXVariantGroup;
			children = (
				8F55177B1CA66F7200492953 /* Base */,
			);
			name = Main.storyboard;
			sourceTree = "<group>";
		};
		8F55177F1CA66F7200492953 /* LaunchScreen.storyboard */ = {
			isa = PBXVariantGroup;
			children = (
				8F5517801CA66F7200492953 /* Base */,
			);
			name = LaunchScreen.storyboard;
			sourceTree = "<group>";
		};
/* End PBXVariantGroup section */

/* Begin XCBuildConfiguration section */
		8F5517991CA66F7300492953 /* Debug */ = {
			isa = XCBuildConfiguration;
			buildSettings = {
				ALWAYS_SEARCH_USER_PATHS = NO;
				CLANG_CXX_LANGUAGE_STANDARD = "gnu++0x";
				CLANG_CXX_LIBRARY = "libc++";
				CLANG_ENABLE_MODULES = YES;
				CLANG_ENABLE_OBJC_ARC = YES;
				CLANG_WARN_BOOL_CONVERSION = YES;
				CLANG_WARN_CONSTANT_CONVERSION = YES;
				CLANG_WARN_DIRECT_OBJC_ISA_USAGE = YES_ERROR;
				CLANG_WARN_EMPTY_BODY = YES;
				CLANG_WARN_ENUM_CONVERSION = YES;
				CLANG_WARN_INT_CONVERSION = YES;
				CLANG_WARN_OBJC_ROOT_CLASS = YES_ERROR;
				CLANG_WARN_UNREACHABLE_CODE = YES;
				CLANG_WARN__DUPLICATE_METHOD_MATCH = YES;
				"CODE_SIGN_IDENTITY[sdk=iphoneos*]" = "iPhone Developer";
				COPY_PHASE_STRIP = NO;
				DEBUG_INFORMATION_FORMAT = dwarf;
				ENABLE_STRICT_OBJC_MSGSEND = YES;
				ENABLE_TESTABILITY = YES;
				GCC_C_LANGUAGE_STANDARD = gnu99;
				GCC_DYNAMIC_NO_PIC = NO;
				GCC_NO_COMMON_BLOCKS = YES;
				GCC_OPTIMIZATION_LEVEL = 0;
				GCC_PREPROCESSOR_DEFINITIONS = (
					"DEBUG=1",
					"$(inherited)",
				);
				GCC_WARN_64_TO_32_BIT_CONVERSION = YES;
				GCC_WARN_ABOUT_RETURN_TYPE = YES_ERROR;
				GCC_WARN_UNDECLARED_SELECTOR = YES;
				GCC_WARN_UNINITIALIZED_AUTOS = YES_AGGRESSIVE;
				GCC_WARN_UNUSED_FUNCTION = YES;
				GCC_WARN_UNUSED_VARIABLE = YES;
				IPHONEOS_DEPLOYMENT_TARGET = 9.2;
				MTL_ENABLE_DEBUG_INFO = YES;
				ONLY_ACTIVE_ARCH = YES;
				SDKROOT = iphoneos;
				SWIFT_OPTIMIZATION_LEVEL = "-Onone";
			};
			name = Debug;
		};
		8F55179A1CA66F7300492953 /* Release */ = {
			isa = XCBuildConfiguration;
			buildSettings = {
				ALWAYS_SEARCH_USER_PATHS = NO;
				CLANG_CXX_LANGUAGE_STANDARD = "gnu++0x";
				CLANG_CXX_LIBRARY = "libc++";
				CLANG_ENABLE_MODULES = YES;
				CLANG_ENABLE_OBJC_ARC = YES;
				CLANG_WARN_BOOL_CONVERSION = YES;
				CLANG_WARN_CONSTANT_CONVERSION = YES;
				CLANG_WARN_DIRECT_OBJC_ISA_USAGE = YES_ERROR;
				CLANG_WARN_EMPTY_BODY = YES;
				CLANG_WARN_ENUM_CONVERSION = YES;
				CLANG_WARN_INT_CONVERSION = YES;
				CLANG_WARN_OBJC_ROOT_CLASS = YES_ERROR;
				CLANG_WARN_UNREACHABLE_CODE = YES;
				CLANG_WARN__DUPLICATE_METHOD_MATCH = YES;
				"CODE_SIGN_IDENTITY[sdk=iphoneos*]" = "iPhone Developer";
				COPY_PHASE_STRIP = NO;
				DEBUG_INFORMATION_FORMAT = "dwarf-with-dsym";
				ENABLE_NS_ASSERTIONS = NO;
				ENABLE_STRICT_OBJC_MSGSEND = YES;
				GCC_C_LANGUAGE_STANDARD = gnu99;
				GCC_NO_COMMON_BLOCKS = YES;
				GCC_WARN_64_TO_32_BIT_CONVERSION = YES;
				GCC_WARN_ABOUT_RETURN_TYPE = YES_ERROR;
				GCC_WARN_UNDECLARED_SELECTOR = YES;
				GCC_WARN_UNINITIALIZED_AUTOS = YES_AGGRESSIVE;
				GCC_WARN_UNUSED_FUNCTION = YES;
				GCC_WARN_UNUSED_VARIABLE = YES;
				IPHONEOS_DEPLOYMENT_TARGET = 9.2;
				MTL_ENABLE_DEBUG_INFO = NO;
				SDKROOT = iphoneos;
				VALIDATE_PRODUCT = YES;
			};
			name = Release;
		};
		8F55179C1CA66F7300492953 /* Debug */ = {
			isa = XCBuildConfiguration;
			baseConfigurationReference = 4FD32810B5131896391EEB79 /* Pods.debug.xcconfig */;
			buildSettings = {
				ASSETCATALOG_COMPILER_APPICON_NAME = AppIcon;
				FRAMEWORK_SEARCH_PATHS = (
					"$(inherited)",
					"$(PROJECT_DIR)/Carthage/Build/iOS",
				);
				INFOPLIST_FILE = ZooZooZoo/Info.plist;
				IPHONEOS_DEPLOYMENT_TARGET = 8.3;
				LD_RUNPATH_SEARCH_PATHS = "$(inherited) @executable_path/Frameworks";
				PRODUCT_BUNDLE_IDENTIFIER = com.koganepj.ZooZooZoo;
				PRODUCT_NAME = "$(TARGET_NAME)";
			};
			name = Debug;
		};
		8F55179D1CA66F7300492953 /* Release */ = {
			isa = XCBuildConfiguration;
			baseConfigurationReference = 1AECB451EC228C7520FD51C9 /* Pods.release.xcconfig */;
			buildSettings = {
				ASSETCATALOG_COMPILER_APPICON_NAME = AppIcon;
				FRAMEWORK_SEARCH_PATHS = (
					"$(inherited)",
					"$(PROJECT_DIR)/Carthage/Build/iOS",
				);
				INFOPLIST_FILE = ZooZooZoo/Info.plist;
				IPHONEOS_DEPLOYMENT_TARGET = 8.3;
				LD_RUNPATH_SEARCH_PATHS = "$(inherited) @executable_path/Frameworks";
				PRODUCT_BUNDLE_IDENTIFIER = com.koganepj.ZooZooZoo;
				PRODUCT_NAME = "$(TARGET_NAME)";
			};
			name = Release;
		};
		8F55179F1CA66F7300492953 /* Debug */ = {
			isa = XCBuildConfiguration;
			buildSettings = {
				BUNDLE_LOADER = "$(TEST_HOST)";
				INFOPLIST_FILE = ZooZooZooTests/Info.plist;
				LD_RUNPATH_SEARCH_PATHS = "$(inherited) @executable_path/Frameworks @loader_path/Frameworks";
				PRODUCT_BUNDLE_IDENTIFIER = com.koganepj.ZooZooZooTests;
				PRODUCT_NAME = "$(TARGET_NAME)";
				TEST_HOST = "$(BUILT_PRODUCTS_DIR)/ZooZooZoo.app/ZooZooZoo";
			};
			name = Debug;
		};
		8F5517A01CA66F7300492953 /* Release */ = {
			isa = XCBuildConfiguration;
			buildSettings = {
				BUNDLE_LOADER = "$(TEST_HOST)";
				INFOPLIST_FILE = ZooZooZooTests/Info.plist;
				LD_RUNPATH_SEARCH_PATHS = "$(inherited) @executable_path/Frameworks @loader_path/Frameworks";
				PRODUCT_BUNDLE_IDENTIFIER = com.koganepj.ZooZooZooTests;
				PRODUCT_NAME = "$(TARGET_NAME)";
				TEST_HOST = "$(BUILT_PRODUCTS_DIR)/ZooZooZoo.app/ZooZooZoo";
			};
			name = Release;
		};
		8F5517A21CA66F7300492953 /* Debug */ = {
			isa = XCBuildConfiguration;
			buildSettings = {
				INFOPLIST_FILE = ZooZooZooUITests/Info.plist;
				LD_RUNPATH_SEARCH_PATHS = "$(inherited) @executable_path/Frameworks @loader_path/Frameworks";
				PRODUCT_BUNDLE_IDENTIFIER = com.koganepj.ZooZooZooUITests;
				PRODUCT_NAME = "$(TARGET_NAME)";
				TEST_TARGET_NAME = ZooZooZoo;
				USES_XCTRUNNER = YES;
			};
			name = Debug;
		};
		8F5517A31CA66F7300492953 /* Release */ = {
			isa = XCBuildConfiguration;
			buildSettings = {
				INFOPLIST_FILE = ZooZooZooUITests/Info.plist;
				LD_RUNPATH_SEARCH_PATHS = "$(inherited) @executable_path/Frameworks @loader_path/Frameworks";
				PRODUCT_BUNDLE_IDENTIFIER = com.koganepj.ZooZooZooUITests;
				PRODUCT_NAME = "$(TARGET_NAME)";
				TEST_TARGET_NAME = ZooZooZoo;
				USES_XCTRUNNER = YES;
			};
			name = Release;
		};
/* End XCBuildConfiguration section */

/* Begin XCConfigurationList section */
		8F55176E1CA66F7200492953 /* Build configuration list for PBXProject "ZooZooZoo" */ = {
			isa = XCConfigurationList;
			buildConfigurations = (
				8F5517991CA66F7300492953 /* Debug */,
				8F55179A1CA66F7300492953 /* Release */,
			);
			defaultConfigurationIsVisible = 0;
			defaultConfigurationName = Release;
		};
		8F55179B1CA66F7300492953 /* Build configuration list for PBXNativeTarget "ZooZooZoo" */ = {
			isa = XCConfigurationList;
			buildConfigurations = (
				8F55179C1CA66F7300492953 /* Debug */,
				8F55179D1CA66F7300492953 /* Release */,
			);
			defaultConfigurationIsVisible = 0;
			defaultConfigurationName = Release;
		};
		8F55179E1CA66F7300492953 /* Build configuration list for PBXNativeTarget "ZooZooZooTests" */ = {
			isa = XCConfigurationList;
			buildConfigurations = (
				8F55179F1CA66F7300492953 /* Debug */,
				8F5517A01CA66F7300492953 /* Release */,
			);
			defaultConfigurationIsVisible = 0;
			defaultConfigurationName = Release;
		};
		8F5517A11CA66F7300492953 /* Build configuration list for PBXNativeTarget "ZooZooZooUITests" */ = {
			isa = XCConfigurationList;
			buildConfigurations = (
				8F5517A21CA66F7300492953 /* Debug */,
				8F5517A31CA66F7300492953 /* Release */,
			);
			defaultConfigurationIsVisible = 0;
			defaultConfigurationName = Release;
		};
/* End XCConfigurationList section */
	};
	rootObject = 8F55176B1CA66F7200492953 /* Project object */;
}
